// !$*UTF8*$!
{
	archiveVersion = 1;
	classes = {
	};
	objectVersion = 55;
	objects = {

/* Begin PBXBuildFile section */
		345FB558C38356D3F9E37C00 /* Pods_unowned.framework in Frameworks */ = {isa = PBXBuildFile; fileRef = 355D486272EE1F8AD7F8BD6A /* Pods_unowned.framework */; };
		B6769C08277360A4000B3D98 /* ContactsView.swift in Sources */ = {isa = PBXBuildFile; fileRef = B6769C07277360A4000B3D98 /* ContactsView.swift */; };
		B6769C0A27736466000B3D98 /* PhotosView.swift in Sources */ = {isa = PBXBuildFile; fileRef = B6769C0927736466000B3D98 /* PhotosView.swift */; };
		B6769C0C2774E292000B3D98 /* ItemView.swift in Sources */ = {isa = PBXBuildFile; fileRef = B6769C0B2774E292000B3D98 /* ItemView.swift */; };
		B6769C0E2774F283000B3D98 /* FacesLikes.swift in Sources */ = {isa = PBXBuildFile; fileRef = B6769C0D2774F283000B3D98 /* FacesLikes.swift */; };
		B6769C112774F7C9000B3D98 /* FacesView.swift in Sources */ = {isa = PBXBuildFile; fileRef = B6769C102774F7C9000B3D98 /* FacesView.swift */; };
		B6769C142774F7FA000B3D98 /* StackItemView.swift in Sources */ = {isa = PBXBuildFile; fileRef = B6769C132774F7FA000B3D98 /* StackItemView.swift */; };
		B69180662747E81C00E2ED92 /* AppDelegate.swift in Sources */ = {isa = PBXBuildFile; fileRef = B69180652747E81C00E2ED92 /* AppDelegate.swift */; };
		B69180682747E81C00E2ED92 /* SceneDelegate.swift in Sources */ = {isa = PBXBuildFile; fileRef = B69180672747E81C00E2ED92 /* SceneDelegate.swift */; };
		B691806A2747E81C00E2ED92 /* ViewController.swift in Sources */ = {isa = PBXBuildFile; fileRef = B69180692747E81C00E2ED92 /* ViewController.swift */; };
		B691806D2747E81C00E2ED92 /* Main.storyboard in Resources */ = {isa = PBXBuildFile; fileRef = B691806B2747E81C00E2ED92 /* Main.storyboard */; };
		B691806F2747E81D00E2ED92 /* Assets.xcassets in Resources */ = {isa = PBXBuildFile; fileRef = B691806E2747E81D00E2ED92 /* Assets.xcassets */; };
		B69180722747E81D00E2ED92 /* LaunchScreen.storyboard in Resources */ = {isa = PBXBuildFile; fileRef = B69180702747E81D00E2ED92 /* LaunchScreen.storyboard */; };
		B699FCB427A6A3D800D20B7C /* GoogleService-Info.plist in Resources */ = {isa = PBXBuildFile; fileRef = B699FCB327A6A3D800D20B7C /* GoogleService-Info.plist */; };
		B699FCB727A6A51400D20B7C /* FirebaseDatabase in Frameworks */ = {isa = PBXBuildFile; productRef = B699FCB627A6A51400D20B7C /* FirebaseDatabase */; };
		B699FCB927A6A51400D20B7C /* FirebaseFirestore in Frameworks */ = {isa = PBXBuildFile; productRef = B699FCB827A6A51400D20B7C /* FirebaseFirestore */; };
		B699FCBB27A6A51400D20B7C /* FirebaseStorage in Frameworks */ = {isa = PBXBuildFile; productRef = B699FCBA27A6A51400D20B7C /* FirebaseStorage */; };
		B699FCBD27A6A6AB00D20B7C /* FirebaseManager.swift in Sources */ = {isa = PBXBuildFile; fileRef = B699FCBC27A6A6AA00D20B7C /* FirebaseManager.swift */; };
		B6AA7EBC276A114F00C09502 /* EventModel.swift in Sources */ = {isa = PBXBuildFile; fileRef = B6AA7EBB276A114F00C09502 /* EventModel.swift */; };
		B6AA7EBE276A11A400C09502 /* CategoriesModel.swift in Sources */ = {isa = PBXBuildFile; fileRef = B6AA7EBD276A11A400C09502 /* CategoriesModel.swift */; };
		B6AA7EE6276CC07400C09502 /* Data.json in Resources */ = {isa = PBXBuildFile; fileRef = B6AA7EE5276CC07400C09502 /* Data.json */; };
		B6AA7EE8276CC36600C09502 /* PhoneNumber.swift in Sources */ = {isa = PBXBuildFile; fileRef = B6AA7EE7276CC36600C09502 /* PhoneNumber.swift */; };
		B6AA7EEC276CE99500C09502 /* DataManager.swift in Sources */ = {isa = PBXBuildFile; fileRef = B6AA7EEB276CE99500C09502 /* DataManager.swift */; };
		B6AA7EF1276F643200C09502 /* DetailViewController.swift in Sources */ = {isa = PBXBuildFile; fileRef = B6AA7EF0276F643200C09502 /* DetailViewController.swift */; };
		B6AA7EF3276F645200C09502 /* DetailView.swift in Sources */ = {isa = PBXBuildFile; fileRef = B6AA7EF2276F645200C09502 /* DetailView.swift */; };
		B6AA7EF5276F647B00C09502 /* DetailViewModel.swift in Sources */ = {isa = PBXBuildFile; fileRef = B6AA7EF4276F647B00C09502 /* DetailViewModel.swift */; };
		B6B8515727943E06007E9451 /* EventDataModel.xcdatamodeld in Sources */ = {isa = PBXBuildFile; fileRef = B6B8515527943E06007E9451 /* EventDataModel.xcdatamodeld */; };
		B6B8F4DC279AF238004CCD77 /* Categories.json in Resources */ = {isa = PBXBuildFile; fileRef = B6B8F4DB279AF238004CCD77 /* Categories.json */; };
		B6B8F4DE279AFBF2004CCD77 /* SupportCategoriesViewModel.swift in Sources */ = {isa = PBXBuildFile; fileRef = B6B8F4DD279AFBF2004CCD77 /* SupportCategoriesViewModel.swift */; };
		B6BE82B82794760D0059D26B /* CDDataManager.swift in Sources */ = {isa = PBXBuildFile; fileRef = B6BE82B72794760D0059D26B /* CDDataManager.swift */; };
		B6BE82CD279480AA0059D26B /* CDPhoneNumber+CoreDataClass.swift in Sources */ = {isa = PBXBuildFile; fileRef = B6BE82C7279480AA0059D26B /* CDPhoneNumber+CoreDataClass.swift */; };
		B6BE82CE279480AA0059D26B /* CDPhoneNumber+CoreDataProperties.swift in Sources */ = {isa = PBXBuildFile; fileRef = B6BE82C8279480AA0059D26B /* CDPhoneNumber+CoreDataProperties.swift */; };
		B6BE82DD2795AB120059D26B /* CDEvent+CoreDataClass.swift in Sources */ = {isa = PBXBuildFile; fileRef = B6BE82D92795AB120059D26B /* CDEvent+CoreDataClass.swift */; };
		B6BE82DE2795AB120059D26B /* CDEvent+CoreDataProperties.swift in Sources */ = {isa = PBXBuildFile; fileRef = B6BE82DA2795AB120059D26B /* CDEvent+CoreDataProperties.swift */; };
		B6BE82DF2795AB120059D26B /* CDCategoryName+CoreDataClass.swift in Sources */ = {isa = PBXBuildFile; fileRef = B6BE82DB2795AB120059D26B /* CDCategoryName+CoreDataClass.swift */; };
		B6BE82E02795AB120059D26B /* CDCategoryName+CoreDataProperties.swift in Sources */ = {isa = PBXBuildFile; fileRef = B6BE82DC2795AB120059D26B /* CDCategoryName+CoreDataProperties.swift */; };
		B6D15CD72767B689006A89BC /* EventsView.swift in Sources */ = {isa = PBXBuildFile; fileRef = B6D15CD62767B689006A89BC /* EventsView.swift */; };
		B6D15CD92767B694006A89BC /* EventsViewModel.swift in Sources */ = {isa = PBXBuildFile; fileRef = B6D15CD82767B694006A89BC /* EventsViewModel.swift */; };
		B6D15CDB2767B6A5006A89BC /* EventsViewController.swift in Sources */ = {isa = PBXBuildFile; fileRef = B6D15CDA2767B6A5006A89BC /* EventsViewController.swift */; };
		B6D15CDD2767B6C1006A89BC /* Extensions.swift in Sources */ = {isa = PBXBuildFile; fileRef = B6D15CDC2767B6C1006A89BC /* Extensions.swift */; };
		B6D15CDF2767B7F6006A89BC /* Coordinator.swift in Sources */ = {isa = PBXBuildFile; fileRef = B6D15CDE2767B7F6006A89BC /* Coordinator.swift */; };
		B6D15CE22767B975006A89BC /* Events.swift in Sources */ = {isa = PBXBuildFile; fileRef = B6D15CE12767B975006A89BC /* Events.swift */; };
		B6D15CE42767B99A006A89BC /* AppCoordinator.swift in Sources */ = {isa = PBXBuildFile; fileRef = B6D15CE32767B99A006A89BC /* AppCoordinator.swift */; };
		B6D15CE62767B9B0006A89BC /* Coordinating.swift in Sources */ = {isa = PBXBuildFile; fileRef = B6D15CE52767B9B0006A89BC /* Coordinating.swift */; };
		B6D15CE82767BCAF006A89BC /* Settings.swift in Sources */ = {isa = PBXBuildFile; fileRef = B6D15CE72767BCAF006A89BC /* Settings.swift */; };
		B6D15CEB2768FAC0006A89BC /* EventsTableView.swift in Sources */ = {isa = PBXBuildFile; fileRef = B6D15CEA2768FAC0006A89BC /* EventsTableView.swift */; };
		B6D15CED2768FD69006A89BC /* EventsTableViewCell.swift in Sources */ = {isa = PBXBuildFile; fileRef = B6D15CEC2768FD69006A89BC /* EventsTableViewCell.swift */; };
		B6DFFC8D275D006A0096A109 /* SupportCategoriesCollectionViewCell.swift in Sources */ = {isa = PBXBuildFile; fileRef = B6DFFC8B275D006A0096A109 /* SupportCategoriesCollectionViewCell.swift */; };
		B6DFFC8E275D006A0096A109 /* SupportCategoriesCollectionViewCell.xib in Resources */ = {isa = PBXBuildFile; fileRef = B6DFFC8C275D006A0096A109 /* SupportCategoriesCollectionViewCell.xib */; };
		B6DFFC90275D0B940096A109 /* Categories.swift in Sources */ = {isa = PBXBuildFile; fileRef = B6DFFC8F275D0B940096A109 /* Categories.swift */; };
		B6DFFC92275D22D90096A109 /* OfficinaSansExtraBoldC.ttf in Resources */ = {isa = PBXBuildFile; fileRef = B6DFFC91275D22D90096A109 /* OfficinaSansExtraBoldC.ttf */; };
/* End PBXBuildFile section */

/* Begin PBXFileReference section */
		17FC2BC0276306D6D8C37AD1 /* Pods-unowned.release.xcconfig */ = {isa = PBXFileReference; includeInIndex = 1; lastKnownFileType = text.xcconfig; name = "Pods-unowned.release.xcconfig"; path = "Target Support Files/Pods-unowned/Pods-unowned.release.xcconfig"; sourceTree = "<group>"; };
		355D486272EE1F8AD7F8BD6A /* Pods_unowned.framework */ = {isa = PBXFileReference; explicitFileType = wrapper.framework; includeInIndex = 0; path = Pods_unowned.framework; sourceTree = BUILT_PRODUCTS_DIR; };
		4555A9BC2D5DF9BF37758FB9 /* Pods-unowned.debug.xcconfig */ = {isa = PBXFileReference; includeInIndex = 1; lastKnownFileType = text.xcconfig; name = "Pods-unowned.debug.xcconfig"; path = "Target Support Files/Pods-unowned/Pods-unowned.debug.xcconfig"; sourceTree = "<group>"; };
		B62BADFF275CDC6B00AE3E41 /* unowned */ = {isa = PBXFileReference; lastKnownFileType = folder; path = unowned; sourceTree = "<group>"; };
		B6769C07277360A4000B3D98 /* ContactsView.swift */ = {isa = PBXFileReference; lastKnownFileType = sourcecode.swift; path = ContactsView.swift; sourceTree = "<group>"; };
		B6769C0927736466000B3D98 /* PhotosView.swift */ = {isa = PBXFileReference; lastKnownFileType = sourcecode.swift; path = PhotosView.swift; sourceTree = "<group>"; };
		B6769C0B2774E292000B3D98 /* ItemView.swift */ = {isa = PBXFileReference; lastKnownFileType = sourcecode.swift; path = ItemView.swift; sourceTree = "<group>"; };
		B6769C0D2774F283000B3D98 /* FacesLikes.swift */ = {isa = PBXFileReference; lastKnownFileType = sourcecode.swift; path = FacesLikes.swift; sourceTree = "<group>"; };
		B6769C102774F7C9000B3D98 /* FacesView.swift */ = {isa = PBXFileReference; lastKnownFileType = sourcecode.swift; path = FacesView.swift; sourceTree = "<group>"; };
		B6769C132774F7FA000B3D98 /* StackItemView.swift */ = {isa = PBXFileReference; lastKnownFileType = sourcecode.swift; path = StackItemView.swift; sourceTree = "<group>"; };
		B69180622747E81C00E2ED92 /* unowned.app */ = {isa = PBXFileReference; explicitFileType = wrapper.application; includeInIndex = 0; path = unowned.app; sourceTree = BUILT_PRODUCTS_DIR; };
		B69180652747E81C00E2ED92 /* AppDelegate.swift */ = {isa = PBXFileReference; lastKnownFileType = sourcecode.swift; path = AppDelegate.swift; sourceTree = "<group>"; };
		B69180672747E81C00E2ED92 /* SceneDelegate.swift */ = {isa = PBXFileReference; lastKnownFileType = sourcecode.swift; path = SceneDelegate.swift; sourceTree = "<group>"; };
		B69180692747E81C00E2ED92 /* ViewController.swift */ = {isa = PBXFileReference; lastKnownFileType = sourcecode.swift; path = ViewController.swift; sourceTree = "<group>"; };
		B691806C2747E81C00E2ED92 /* Base */ = {isa = PBXFileReference; lastKnownFileType = file.storyboard; name = Base; path = Base.lproj/Main.storyboard; sourceTree = "<group>"; };
		B691806E2747E81D00E2ED92 /* Assets.xcassets */ = {isa = PBXFileReference; lastKnownFileType = folder.assetcatalog; path = Assets.xcassets; sourceTree = "<group>"; };
		B69180712747E81D00E2ED92 /* Base */ = {isa = PBXFileReference; lastKnownFileType = file.storyboard; name = Base; path = Base.lproj/LaunchScreen.storyboard; sourceTree = "<group>"; };
		B69180732747E81D00E2ED92 /* Info.plist */ = {isa = PBXFileReference; lastKnownFileType = text.plist.xml; path = Info.plist; sourceTree = "<group>"; };
		B699FCB327A6A3D800D20B7C /* GoogleService-Info.plist */ = {isa = PBXFileReference; fileEncoding = 4; lastKnownFileType = text.plist.xml; path = "GoogleService-Info.plist"; sourceTree = "<group>"; };
		B699FCBC27A6A6AA00D20B7C /* FirebaseManager.swift */ = {isa = PBXFileReference; lastKnownFileType = sourcecode.swift; path = FirebaseManager.swift; sourceTree = "<group>"; };
		B6AA7EBB276A114F00C09502 /* EventModel.swift */ = {isa = PBXFileReference; lastKnownFileType = sourcecode.swift; path = EventModel.swift; sourceTree = "<group>"; };
		B6AA7EBD276A11A400C09502 /* CategoriesModel.swift */ = {isa = PBXFileReference; lastKnownFileType = sourcecode.swift; path = CategoriesModel.swift; sourceTree = "<group>"; };
		B6AA7EE5276CC07400C09502 /* Data.json */ = {isa = PBXFileReference; fileEncoding = 4; lastKnownFileType = text.json; path = Data.json; sourceTree = "<group>"; };
		B6AA7EE7276CC36600C09502 /* PhoneNumber.swift */ = {isa = PBXFileReference; lastKnownFileType = sourcecode.swift; path = PhoneNumber.swift; sourceTree = "<group>"; };
		B6AA7EEB276CE99500C09502 /* DataManager.swift */ = {isa = PBXFileReference; lastKnownFileType = sourcecode.swift; path = DataManager.swift; sourceTree = "<group>"; };
		B6AA7EED276CF2D400C09502 /* OfficinaSansExtraBold.ttf */ = {isa = PBXFileReference; lastKnownFileType = file; name = OfficinaSansExtraBold.ttf; path = ../../../../Downloads/OfficinaSansExtraBold.ttf; sourceTree = "<group>"; };
		B6AA7EEE276CF36E00C09502 /* OfficinaSansExtraBoldC.ttf */ = {isa = PBXFileReference; lastKnownFileType = file; path = OfficinaSansExtraBoldC.ttf; sourceTree = "<group>"; };
		B6AA7EF0276F643200C09502 /* DetailViewController.swift */ = {isa = PBXFileReference; lastKnownFileType = sourcecode.swift; path = DetailViewController.swift; sourceTree = "<group>"; };
		B6AA7EF2276F645200C09502 /* DetailView.swift */ = {isa = PBXFileReference; lastKnownFileType = sourcecode.swift; path = DetailView.swift; sourceTree = "<group>"; };
		B6AA7EF4276F647B00C09502 /* DetailViewModel.swift */ = {isa = PBXFileReference; lastKnownFileType = sourcecode.swift; path = DetailViewModel.swift; sourceTree = "<group>"; };
		B6B8515627943E06007E9451 /* EventDataModel.xcdatamodel */ = {isa = PBXFileReference; lastKnownFileType = wrapper.xcdatamodel; path = EventDataModel.xcdatamodel; sourceTree = "<group>"; };
		B6B8F4DB279AF238004CCD77 /* Categories.json */ = {isa = PBXFileReference; lastKnownFileType = text.json; path = Categories.json; sourceTree = "<group>"; };
		B6B8F4DD279AFBF2004CCD77 /* SupportCategoriesViewModel.swift */ = {isa = PBXFileReference; lastKnownFileType = sourcecode.swift; path = SupportCategoriesViewModel.swift; sourceTree = "<group>"; };
		B6BE82B72794760D0059D26B /* CDDataManager.swift */ = {isa = PBXFileReference; lastKnownFileType = sourcecode.swift; path = CDDataManager.swift; sourceTree = "<group>"; };
		B6BE82C7279480AA0059D26B /* CDPhoneNumber+CoreDataClass.swift */ = {isa = PBXFileReference; lastKnownFileType = sourcecode.swift; path = "CDPhoneNumber+CoreDataClass.swift"; sourceTree = "<group>"; };
		B6BE82C8279480AA0059D26B /* CDPhoneNumber+CoreDataProperties.swift */ = {isa = PBXFileReference; lastKnownFileType = sourcecode.swift; path = "CDPhoneNumber+CoreDataProperties.swift"; sourceTree = "<group>"; };
		B6BE82D92795AB120059D26B /* CDEvent+CoreDataClass.swift */ = {isa = PBXFileReference; lastKnownFileType = sourcecode.swift; path = "CDEvent+CoreDataClass.swift"; sourceTree = SOURCE_ROOT; };
		B6BE82DA2795AB120059D26B /* CDEvent+CoreDataProperties.swift */ = {isa = PBXFileReference; lastKnownFileType = sourcecode.swift; path = "CDEvent+CoreDataProperties.swift"; sourceTree = SOURCE_ROOT; };
		B6BE82DB2795AB120059D26B /* CDCategoryName+CoreDataClass.swift */ = {isa = PBXFileReference; lastKnownFileType = sourcecode.swift; path = "CDCategoryName+CoreDataClass.swift"; sourceTree = SOURCE_ROOT; };
		B6BE82DC2795AB120059D26B /* CDCategoryName+CoreDataProperties.swift */ = {isa = PBXFileReference; lastKnownFileType = sourcecode.swift; path = "CDCategoryName+CoreDataProperties.swift"; sourceTree = SOURCE_ROOT; };
		B6D15CD62767B689006A89BC /* EventsView.swift */ = {isa = PBXFileReference; lastKnownFileType = sourcecode.swift; path = EventsView.swift; sourceTree = "<group>"; };
		B6D15CD82767B694006A89BC /* EventsViewModel.swift */ = {isa = PBXFileReference; lastKnownFileType = sourcecode.swift; path = EventsViewModel.swift; sourceTree = "<group>"; };
		B6D15CDA2767B6A5006A89BC /* EventsViewController.swift */ = {isa = PBXFileReference; lastKnownFileType = sourcecode.swift; path = EventsViewController.swift; sourceTree = "<group>"; };
		B6D15CDC2767B6C1006A89BC /* Extensions.swift */ = {isa = PBXFileReference; lastKnownFileType = sourcecode.swift; path = Extensions.swift; sourceTree = "<group>"; };
		B6D15CDE2767B7F6006A89BC /* Coordinator.swift */ = {isa = PBXFileReference; lastKnownFileType = sourcecode.swift; path = Coordinator.swift; sourceTree = "<group>"; };
		B6D15CE12767B975006A89BC /* Events.swift */ = {isa = PBXFileReference; lastKnownFileType = sourcecode.swift; path = Events.swift; sourceTree = "<group>"; };
		B6D15CE32767B99A006A89BC /* AppCoordinator.swift */ = {isa = PBXFileReference; lastKnownFileType = sourcecode.swift; path = AppCoordinator.swift; sourceTree = "<group>"; };
		B6D15CE52767B9B0006A89BC /* Coordinating.swift */ = {isa = PBXFileReference; lastKnownFileType = sourcecode.swift; path = Coordinating.swift; sourceTree = "<group>"; };
		B6D15CE72767BCAF006A89BC /* Settings.swift */ = {isa = PBXFileReference; lastKnownFileType = sourcecode.swift; path = Settings.swift; sourceTree = "<group>"; };
		B6D15CEA2768FAC0006A89BC /* EventsTableView.swift */ = {isa = PBXFileReference; lastKnownFileType = sourcecode.swift; path = EventsTableView.swift; sourceTree = "<group>"; };
		B6D15CEC2768FD69006A89BC /* EventsTableViewCell.swift */ = {isa = PBXFileReference; lastKnownFileType = sourcecode.swift; path = EventsTableViewCell.swift; sourceTree = "<group>"; };
		B6DFFC8B275D006A0096A109 /* SupportCategoriesCollectionViewCell.swift */ = {isa = PBXFileReference; lastKnownFileType = sourcecode.swift; path = SupportCategoriesCollectionViewCell.swift; sourceTree = "<group>"; };
		B6DFFC8C275D006A0096A109 /* SupportCategoriesCollectionViewCell.xib */ = {isa = PBXFileReference; lastKnownFileType = file.xib; path = SupportCategoriesCollectionViewCell.xib; sourceTree = "<group>"; };
		B6DFFC8F275D0B940096A109 /* Categories.swift */ = {isa = PBXFileReference; lastKnownFileType = sourcecode.swift; path = Categories.swift; sourceTree = "<group>"; };
		B6DFFC91275D22D90096A109 /* OfficinaSansExtraBoldC.ttf */ = {isa = PBXFileReference; lastKnownFileType = file; path = OfficinaSansExtraBoldC.ttf; sourceTree = "<group>"; };
/* End PBXFileReference section */

/* Begin PBXFrameworksBuildPhase section */
		B691805F2747E81C00E2ED92 /* Frameworks */ = {
			isa = PBXFrameworksBuildPhase;
			buildActionMask = 2147483647;
			files = (
				B699FCB727A6A51400D20B7C /* FirebaseDatabase in Frameworks */,
				B699FCBB27A6A51400D20B7C /* FirebaseStorage in Frameworks */,
				345FB558C38356D3F9E37C00 /* Pods_unowned.framework in Frameworks */,
				B699FCB927A6A51400D20B7C /* FirebaseFirestore in Frameworks */,
			);
			runOnlyForDeploymentPostprocessing = 0;
		};
/* End PBXFrameworksBuildPhase section */

/* Begin PBXGroup section */
		2BADB9E252111568AF945A3E /* Frameworks */ = {
			isa = PBXGroup;
			children = (
				355D486272EE1F8AD7F8BD6A /* Pods_unowned.framework */,
			);
			name = Frameworks;
			sourceTree = "<group>";
		};
		ABAEE95FB3697816D0125A50 /* Pods */ = {
			isa = PBXGroup;
			children = (
				4555A9BC2D5DF9BF37758FB9 /* Pods-unowned.debug.xcconfig */,
				17FC2BC0276306D6D8C37AD1 /* Pods-unowned.release.xcconfig */,
			);
			path = Pods;
			sourceTree = "<group>";
		};
		B62BADFC275CDA0500AE3E41 /* Fonts */ = {
			isa = PBXGroup;
			children = (
				B6AA7EEE276CF36E00C09502 /* OfficinaSansExtraBoldC.ttf */,
				B6AA7EED276CF2D400C09502 /* OfficinaSansExtraBold.ttf */,
				B6DFFC91275D22D90096A109 /* OfficinaSansExtraBoldC.ttf */,
			);
			name = Fonts;
			path = ..;
			sourceTree = "<group>";
		};
		B6769C0F2774F7B5000B3D98 /* Faces */ = {
			isa = PBXGroup;
			children = (
				B6769C0D2774F283000B3D98 /* FacesLikes.swift */,
				B6769C102774F7C9000B3D98 /* FacesView.swift */,
			);
			path = Faces;
			sourceTree = "<group>";
		};
		B6769C122774F7E9000B3D98 /* Items */ = {
			isa = PBXGroup;
			children = (
				B6769C0B2774E292000B3D98 /* ItemView.swift */,
				B6769C132774F7FA000B3D98 /* StackItemView.swift */,
			);
			path = Items;
			sourceTree = "<group>";
		};
		B6769C152774F82F000B3D98 /* Views */ = {
			isa = PBXGroup;
			children = (
				B6769C122774F7E9000B3D98 /* Items */,
				B6769C0F2774F7B5000B3D98 /* Faces */,
				B6769C0927736466000B3D98 /* PhotosView.swift */,
				B6769C07277360A4000B3D98 /* ContactsView.swift */,
			);
			path = Views;
			sourceTree = "<group>";
		};
		B69180592747E81C00E2ED92 = {
			isa = PBXGroup;
			children = (
				B69180642747E81C00E2ED92 /* unowned */,
				B62BADFF275CDC6B00AE3E41 /* unowned */,
				B69180632747E81C00E2ED92 /* Products */,
				ABAEE95FB3697816D0125A50 /* Pods */,
				2BADB9E252111568AF945A3E /* Frameworks */,
			);
			sourceTree = "<group>";
		};
		B69180632747E81C00E2ED92 /* Products */ = {
			isa = PBXGroup;
			children = (
				B69180622747E81C00E2ED92 /* unowned.app */,
			);
			name = Products;
			sourceTree = "<group>";
		};
		B69180642747E81C00E2ED92 /* unowned */ = {
			isa = PBXGroup;
			children = (
				B699FCB027A6A35C00D20B7C /* Networking */,
				B6B8515427943D14007E9451 /* Core Data */,
				B6AA7EEA276CE97E00C09502 /* Managers */,
				B6AA7EE9276CC37500C09502 /* Data Jsons */,
				B6AA7EBA276A113700C09502 /* Models */,
				B6D15CD42767B64B006A89BC /* ViewControllers */,
				B69180672747E81C00E2ED92 /* SceneDelegate.swift */,
				B69180652747E81C00E2ED92 /* AppDelegate.swift */,
				B691806B2747E81C00E2ED92 /* Main.storyboard */,
				B691806E2747E81D00E2ED92 /* Assets.xcassets */,
				B69180702747E81D00E2ED92 /* LaunchScreen.storyboard */,
				B699FCB327A6A3D800D20B7C /* GoogleService-Info.plist */,
				B69180732747E81D00E2ED92 /* Info.plist */,
				B62BADFC275CDA0500AE3E41 /* Fonts */,
				B6D15CDC2767B6C1006A89BC /* Extensions.swift */,
				B6D15CE72767BCAF006A89BC /* Settings.swift */,
				B6D15CE02767B967006A89BC /* Coordinator */,
			);
			path = unowned;
			sourceTree = "<group>";
		};
		B699FCB027A6A35C00D20B7C /* Networking */ = {
			isa = PBXGroup;
			children = (
				B699FCBC27A6A6AA00D20B7C /* FirebaseManager.swift */,
			);
			path = Networking;
			sourceTree = "<group>";
		};
		B6AA7EBA276A113700C09502 /* Models */ = {
			isa = PBXGroup;
			children = (
				B6AA7EBB276A114F00C09502 /* EventModel.swift */,
				B6AA7EE7276CC36600C09502 /* PhoneNumber.swift */,
				B6AA7EBD276A11A400C09502 /* CategoriesModel.swift */,
			);
			path = Models;
			sourceTree = "<group>";
		};
		B6AA7EE9276CC37500C09502 /* Data Jsons */ = {
			isa = PBXGroup;
			children = (
				B6AA7EE5276CC07400C09502 /* Data.json */,
				B6B8F4DB279AF238004CCD77 /* Categories.json */,
			);
			path = "Data Jsons";
			sourceTree = "<group>";
		};
		B6AA7EEA276CE97E00C09502 /* Managers */ = {
			isa = PBXGroup;
			children = (
				B6AA7EEB276CE99500C09502 /* DataManager.swift */,
				B6BE82B72794760D0059D26B /* CDDataManager.swift */,
			);
			path = Managers;
			sourceTree = "<group>";
		};
		B6AA7EEF276F63E400C09502 /* Details */ = {
			isa = PBXGroup;
			children = (
				B6AA7EF0276F643200C09502 /* DetailViewController.swift */,
				B6AA7EF4276F647B00C09502 /* DetailViewModel.swift */,
				B6AA7EF2276F645200C09502 /* DetailView.swift */,
				B6769C152774F82F000B3D98 /* Views */,
			);
			path = Details;
			sourceTree = "<group>";
		};
		B6AA7EF6276FB66700C09502 /* SupportViewController */ = {
			isa = PBXGroup;
			children = (
				B6DFFC8C275D006A0096A109 /* SupportCategoriesCollectionViewCell.xib */,
				B6DFFC8B275D006A0096A109 /* SupportCategoriesCollectionViewCell.swift */,
				B69180692747E81C00E2ED92 /* ViewController.swift */,
				B6B8F4DD279AFBF2004CCD77 /* SupportCategoriesViewModel.swift */,
				B6DFFC8F275D0B940096A109 /* Categories.swift */,
			);
			path = SupportViewController;
			sourceTree = "<group>";
		};
		B6B8515427943D14007E9451 /* Core Data */ = {
			isa = PBXGroup;
			children = (
				B6BE82D92795AB120059D26B /* CDEvent+CoreDataClass.swift */,
				B6BE82DA2795AB120059D26B /* CDEvent+CoreDataProperties.swift */,
				B6BE82DB2795AB120059D26B /* CDCategoryName+CoreDataClass.swift */,
				B6BE82DC2795AB120059D26B /* CDCategoryName+CoreDataProperties.swift */,
				B6BE82C7279480AA0059D26B /* CDPhoneNumber+CoreDataClass.swift */,
				B6BE82C8279480AA0059D26B /* CDPhoneNumber+CoreDataProperties.swift */,
				B6B8515527943E06007E9451 /* EventDataModel.xcdatamodeld */,
			);
			path = "Core Data";
			sourceTree = "<group>";
		};
		B6D15CD42767B64B006A89BC /* ViewControllers */ = {
			isa = PBXGroup;
			children = (
				B6AA7EF6276FB66700C09502 /* SupportViewController */,
				B6AA7EEF276F63E400C09502 /* Details */,
				B6D15CD52767B67D006A89BC /* Events */,
			);
			path = ViewControllers;
			sourceTree = "<group>";
		};
		B6D15CD52767B67D006A89BC /* Events */ = {
			isa = PBXGroup;
			children = (
				B6D15CE92768FAAE006A89BC /* EventsCollection */,
				B6D15CD62767B689006A89BC /* EventsView.swift */,
				B6D15CDA2767B6A5006A89BC /* EventsViewController.swift */,
				B6D15CD82767B694006A89BC /* EventsViewModel.swift */,
			);
			path = Events;
			sourceTree = "<group>";
		};
		B6D15CE02767B967006A89BC /* Coordinator */ = {
			isa = PBXGroup;
			children = (
				B6D15CDE2767B7F6006A89BC /* Coordinator.swift */,
				B6D15CE32767B99A006A89BC /* AppCoordinator.swift */,
				B6D15CE52767B9B0006A89BC /* Coordinating.swift */,
				B6D15CE12767B975006A89BC /* Events.swift */,
			);
			path = Coordinator;
			sourceTree = "<group>";
		};
		B6D15CE92768FAAE006A89BC /* EventsCollection */ = {
			isa = PBXGroup;
			children = (
				B6D15CEA2768FAC0006A89BC /* EventsTableView.swift */,
				B6D15CEC2768FD69006A89BC /* EventsTableViewCell.swift */,
			);
			path = EventsCollection;
			sourceTree = "<group>";
		};
/* End PBXGroup section */

/* Begin PBXNativeTarget section */
		B69180612747E81C00E2ED92 /* unowned */ = {
			isa = PBXNativeTarget;
			buildConfigurationList = B69180762747E81D00E2ED92 /* Build configuration list for PBXNativeTarget "unowned" */;
			buildPhases = (
				DE705E8B3AF2085BBBFD5831 /* [CP] Check Pods Manifest.lock */,
				B691805E2747E81C00E2ED92 /* Sources */,
				B691805F2747E81C00E2ED92 /* Frameworks */,
				B69180602747E81C00E2ED92 /* Resources */,
				886F103CC2371538A8E8007D /* [CP] Embed Pods Frameworks */,
				B6DFFC93275D2A960096A109 /* ShellScript */,
			);
			buildRules = (
			);
			dependencies = (
			);
			name = unowned;
			packageProductDependencies = (
				B699FCB627A6A51400D20B7C /* FirebaseDatabase */,
				B699FCB827A6A51400D20B7C /* FirebaseFirestore */,
				B699FCBA27A6A51400D20B7C /* FirebaseStorage */,
			);
			productName = unowned;
			productReference = B69180622747E81C00E2ED92 /* unowned.app */;
			productType = "com.apple.product-type.application";
		};
/* End PBXNativeTarget section */

/* Begin PBXProject section */
		B691805A2747E81C00E2ED92 /* Project object */ = {
			isa = PBXProject;
			attributes = {
				BuildIndependentTargetsInParallel = 1;
				LastSwiftUpdateCheck = 1310;
				LastUpgradeCheck = 1310;
				TargetAttributes = {
					B69180612747E81C00E2ED92 = {
						CreatedOnToolsVersion = 13.1;
					};
				};
			};
			buildConfigurationList = B691805D2747E81C00E2ED92 /* Build configuration list for PBXProject "unowned" */;
			compatibilityVersion = "Xcode 13.0";
			developmentRegion = en;
			hasScannedForEncodings = 0;
			knownRegions = (
				en,
				Base,
			);
			mainGroup = B69180592747E81C00E2ED92;
			packageReferences = (
				B699FCB527A6A51400D20B7C /* XCRemoteSwiftPackageReference "firebase-ios-sdk" */,
			);
			productRefGroup = B69180632747E81C00E2ED92 /* Products */;
			projectDirPath = "";
			projectRoot = "";
			targets = (
				B69180612747E81C00E2ED92 /* unowned */,
			);
		};
/* End PBXProject section */

/* Begin PBXResourcesBuildPhase section */
		B69180602747E81C00E2ED92 /* Resources */ = {
			isa = PBXResourcesBuildPhase;
			buildActionMask = 2147483647;
			files = (
				B6DFFC92275D22D90096A109 /* OfficinaSansExtraBoldC.ttf in Resources */,
				B69180722747E81D00E2ED92 /* LaunchScreen.storyboard in Resources */,
				B691806F2747E81D00E2ED92 /* Assets.xcassets in Resources */,
				B6AA7EE6276CC07400C09502 /* Data.json in Resources */,
				B691806D2747E81C00E2ED92 /* Main.storyboard in Resources */,
				B699FCB427A6A3D800D20B7C /* GoogleService-Info.plist in Resources */,
				B6DFFC8E275D006A0096A109 /* SupportCategoriesCollectionViewCell.xib in Resources */,
				B6B8F4DC279AF238004CCD77 /* Categories.json in Resources */,
			);
			runOnlyForDeploymentPostprocessing = 0;
		};
/* End PBXResourcesBuildPhase section */

/* Begin PBXShellScriptBuildPhase section */
		886F103CC2371538A8E8007D /* [CP] Embed Pods Frameworks */ = {
			isa = PBXShellScriptBuildPhase;
			alwaysOutOfDate = 1;
			buildActionMask = 2147483647;
			files = (
			);
			inputFileListPaths = (
				"${PODS_ROOT}/Target Support Files/Pods-unowned/Pods-unowned-frameworks-${CONFIGURATION}-input-files.xcfilelist",
			);
			name = "[CP] Embed Pods Frameworks";
			outputFileListPaths = (
				"${PODS_ROOT}/Target Support Files/Pods-unowned/Pods-unowned-frameworks-${CONFIGURATION}-output-files.xcfilelist",
			);
			runOnlyForDeploymentPostprocessing = 0;
			shellPath = /bin/sh;
			shellScript = "\"${PODS_ROOT}/Target Support Files/Pods-unowned/Pods-unowned-frameworks.sh\"\n";
			showEnvVarsInLog = 0;
		};
		B6DFFC93275D2A960096A109 /* ShellScript */ = {
			isa = PBXShellScriptBuildPhase;
			buildActionMask = 2147483647;
			files = (
			);
			inputFileListPaths = (
			);
			inputPaths = (
			);
			outputFileListPaths = (
			);
			outputPaths = (
			);
			runOnlyForDeploymentPostprocessing = 0;
			shellPath = /bin/sh;
			shellScript = "if which swiftlint >/dev/null; then\n  swiftlint\nelse\n  echo \"warning: SwiftLint not installed, download from https://github.com/realm/SwiftLint\"\nfi\n";
		};
		DE705E8B3AF2085BBBFD5831 /* [CP] Check Pods Manifest.lock */ = {
			isa = PBXShellScriptBuildPhase;
			buildActionMask = 2147483647;
			files = (
			);
			inputFileListPaths = (
			);
			inputPaths = (
				"${PODS_PODFILE_DIR_PATH}/Podfile.lock",
				"${PODS_ROOT}/Manifest.lock",
			);
			name = "[CP] Check Pods Manifest.lock";
			outputFileListPaths = (
			);
			outputPaths = (
				"$(DERIVED_FILE_DIR)/Pods-unowned-checkManifestLockResult.txt",
			);
			runOnlyForDeploymentPostprocessing = 0;
			shellPath = /bin/sh;
			shellScript = "diff \"${PODS_PODFILE_DIR_PATH}/Podfile.lock\" \"${PODS_ROOT}/Manifest.lock\" > /dev/null\nif [ $? != 0 ] ; then\n    # print error to STDERR\n    echo \"error: The sandbox is not in sync with the Podfile.lock. Run 'pod install' or update your CocoaPods installation.\" >&2\n    exit 1\nfi\n# This output is used by Xcode 'outputs' to avoid re-running this script phase.\necho \"SUCCESS\" > \"${SCRIPT_OUTPUT_FILE_0}\"\n";
			showEnvVarsInLog = 0;
		};
/* End PBXShellScriptBuildPhase section */

/* Begin PBXSourcesBuildPhase section */
		B691805E2747E81C00E2ED92 /* Sources */ = {
			isa = PBXSourcesBuildPhase;
			buildActionMask = 2147483647;
			files = (
				B699FCBD27A6A6AB00D20B7C /* FirebaseManager.swift in Sources */,
				B6D15CE42767B99A006A89BC /* AppCoordinator.swift in Sources */,
				B6AA7EEC276CE99500C09502 /* DataManager.swift in Sources */,
				B691806A2747E81C00E2ED92 /* ViewController.swift in Sources */,
				B6769C142774F7FA000B3D98 /* StackItemView.swift in Sources */,
				B6D15CEB2768FAC0006A89BC /* EventsTableView.swift in Sources */,
				B6BE82CE279480AA0059D26B /* CDPhoneNumber+CoreDataProperties.swift in Sources */,
				B6AA7EBE276A11A400C09502 /* CategoriesModel.swift in Sources */,
				B6769C08277360A4000B3D98 /* ContactsView.swift in Sources */,
				B6AA7EF3276F645200C09502 /* DetailView.swift in Sources */,
				B6769C0A27736466000B3D98 /* PhotosView.swift in Sources */,
				B6D15CE22767B975006A89BC /* Events.swift in Sources */,
				B6769C0C2774E292000B3D98 /* ItemView.swift in Sources */,
				B6BE82B82794760D0059D26B /* CDDataManager.swift in Sources */,
				B6AA7EF1276F643200C09502 /* DetailViewController.swift in Sources */,
				B6B8F4DE279AFBF2004CCD77 /* SupportCategoriesViewModel.swift in Sources */,
				B6D15CDB2767B6A5006A89BC /* EventsViewController.swift in Sources */,
				B6BE82DE2795AB120059D26B /* CDEvent+CoreDataProperties.swift in Sources */,
				B6AA7EBC276A114F00C09502 /* EventModel.swift in Sources */,
				B6D15CE82767BCAF006A89BC /* Settings.swift in Sources */,
				B6AA7EF5276F647B00C09502 /* DetailViewModel.swift in Sources */,
				B6BE82CD279480AA0059D26B /* CDPhoneNumber+CoreDataClass.swift in Sources */,
				B6D15CDF2767B7F6006A89BC /* Coordinator.swift in Sources */,
				B69180662747E81C00E2ED92 /* AppDelegate.swift in Sources */,
				B6DFFC90275D0B940096A109 /* Categories.swift in Sources */,
				B6DFFC8D275D006A0096A109 /* SupportCategoriesCollectionViewCell.swift in Sources */,
				B6B8515727943E06007E9451 /* EventDataModel.xcdatamodeld in Sources */,
				B6AA7EE8276CC36600C09502 /* PhoneNumber.swift in Sources */,
				B6D15CDD2767B6C1006A89BC /* Extensions.swift in Sources */,
				B6769C0E2774F283000B3D98 /* FacesLikes.swift in Sources */,
				B6D15CD92767B694006A89BC /* EventsViewModel.swift in Sources */,
				B6769C112774F7C9000B3D98 /* FacesView.swift in Sources */,
				B6D15CED2768FD69006A89BC /* EventsTableViewCell.swift in Sources */,
				B6BE82DD2795AB120059D26B /* CDEvent+CoreDataClass.swift in Sources */,
				B6BE82DF2795AB120059D26B /* CDCategoryName+CoreDataClass.swift in Sources */,
				B69180682747E81C00E2ED92 /* SceneDelegate.swift in Sources */,
				B6D15CE62767B9B0006A89BC /* Coordinating.swift in Sources */,
				B6BE82E02795AB120059D26B /* CDCategoryName+CoreDataProperties.swift in Sources */,
				B6D15CD72767B689006A89BC /* EventsView.swift in Sources */,
			);
			runOnlyForDeploymentPostprocessing = 0;
		};
/* End PBXSourcesBuildPhase section */

/* Begin PBXVariantGroup section */
		B691806B2747E81C00E2ED92 /* Main.storyboard */ = {
			isa = PBXVariantGroup;
			children = (
				B691806C2747E81C00E2ED92 /* Base */,
			);
			name = Main.storyboard;
			sourceTree = "<group>";
		};
		B69180702747E81D00E2ED92 /* LaunchScreen.storyboard */ = {
			isa = PBXVariantGroup;
			children = (
				B69180712747E81D00E2ED92 /* Base */,
			);
			name = LaunchScreen.storyboard;
			sourceTree = "<group>";
		};
/* End PBXVariantGroup section */

/* Begin XCBuildConfiguration section */
		B69180742747E81D00E2ED92 /* Debug */ = {
			isa = XCBuildConfiguration;
			buildSettings = {
				ALWAYS_SEARCH_USER_PATHS = NO;
				CLANG_ANALYZER_NONNULL = YES;
				CLANG_ANALYZER_NUMBER_OBJECT_CONVERSION = YES_AGGRESSIVE;
				CLANG_CXX_LANGUAGE_STANDARD = "gnu++17";
				CLANG_CXX_LIBRARY = "libc++";
				CLANG_ENABLE_MODULES = YES;
				CLANG_ENABLE_OBJC_ARC = YES;
				CLANG_ENABLE_OBJC_WEAK = YES;
				CLANG_WARN_BLOCK_CAPTURE_AUTORELEASING = YES;
				CLANG_WARN_BOOL_CONVERSION = YES;
				CLANG_WARN_COMMA = YES;
				CLANG_WARN_CONSTANT_CONVERSION = YES;
				CLANG_WARN_DEPRECATED_OBJC_IMPLEMENTATIONS = YES;
				CLANG_WARN_DIRECT_OBJC_ISA_USAGE = YES_ERROR;
				CLANG_WARN_DOCUMENTATION_COMMENTS = YES;
				CLANG_WARN_EMPTY_BODY = YES;
				CLANG_WARN_ENUM_CONVERSION = YES;
				CLANG_WARN_INFINITE_RECURSION = YES;
				CLANG_WARN_INT_CONVERSION = YES;
				CLANG_WARN_NON_LITERAL_NULL_CONVERSION = YES;
				CLANG_WARN_OBJC_IMPLICIT_RETAIN_SELF = YES;
				CLANG_WARN_OBJC_LITERAL_CONVERSION = YES;
				CLANG_WARN_OBJC_ROOT_CLASS = YES_ERROR;
				CLANG_WARN_QUOTED_INCLUDE_IN_FRAMEWORK_HEADER = YES;
				CLANG_WARN_RANGE_LOOP_ANALYSIS = YES;
				CLANG_WARN_STRICT_PROTOTYPES = YES;
				CLANG_WARN_SUSPICIOUS_MOVE = YES;
				CLANG_WARN_UNGUARDED_AVAILABILITY = YES_AGGRESSIVE;
				CLANG_WARN_UNREACHABLE_CODE = YES;
				CLANG_WARN__DUPLICATE_METHOD_MATCH = YES;
				COPY_PHASE_STRIP = NO;
				DEBUG_INFORMATION_FORMAT = dwarf;
				ENABLE_STRICT_OBJC_MSGSEND = YES;
				ENABLE_TESTABILITY = YES;
				GCC_C_LANGUAGE_STANDARD = gnu11;
				GCC_DYNAMIC_NO_PIC = NO;
				GCC_NO_COMMON_BLOCKS = YES;
				GCC_OPTIMIZATION_LEVEL = 0;
				GCC_PREPROCESSOR_DEFINITIONS = (
					"DEBUG=1",
					"$(inherited)",
				);
				GCC_WARN_64_TO_32_BIT_CONVERSION = YES;
				GCC_WARN_ABOUT_RETURN_TYPE = YES_ERROR;
				GCC_WARN_UNDECLARED_SELECTOR = YES;
				GCC_WARN_UNINITIALIZED_AUTOS = YES_AGGRESSIVE;
				GCC_WARN_UNUSED_FUNCTION = YES;
				GCC_WARN_UNUSED_VARIABLE = YES;
				IPHONEOS_DEPLOYMENT_TARGET = 15.0;
				MTL_ENABLE_DEBUG_INFO = INCLUDE_SOURCE;
				MTL_FAST_MATH = YES;
				ONLY_ACTIVE_ARCH = YES;
				SDKROOT = iphoneos;
				SWIFT_ACTIVE_COMPILATION_CONDITIONS = DEBUG;
				SWIFT_OPTIMIZATION_LEVEL = "-Onone";
			};
			name = Debug;
		};
		B69180752747E81D00E2ED92 /* Release */ = {
			isa = XCBuildConfiguration;
			buildSettings = {
				ALWAYS_SEARCH_USER_PATHS = NO;
				CLANG_ANALYZER_NONNULL = YES;
				CLANG_ANALYZER_NUMBER_OBJECT_CONVERSION = YES_AGGRESSIVE;
				CLANG_CXX_LANGUAGE_STANDARD = "gnu++17";
				CLANG_CXX_LIBRARY = "libc++";
				CLANG_ENABLE_MODULES = YES;
				CLANG_ENABLE_OBJC_ARC = YES;
				CLANG_ENABLE_OBJC_WEAK = YES;
				CLANG_WARN_BLOCK_CAPTURE_AUTORELEASING = YES;
				CLANG_WARN_BOOL_CONVERSION = YES;
				CLANG_WARN_COMMA = YES;
				CLANG_WARN_CONSTANT_CONVERSION = YES;
				CLANG_WARN_DEPRECATED_OBJC_IMPLEMENTATIONS = YES;
				CLANG_WARN_DIRECT_OBJC_ISA_USAGE = YES_ERROR;
				CLANG_WARN_DOCUMENTATION_COMMENTS = YES;
				CLANG_WARN_EMPTY_BODY = YES;
				CLANG_WARN_ENUM_CONVERSION = YES;
				CLANG_WARN_INFINITE_RECURSION = YES;
				CLANG_WARN_INT_CONVERSION = YES;
				CLANG_WARN_NON_LITERAL_NULL_CONVERSION = YES;
				CLANG_WARN_OBJC_IMPLICIT_RETAIN_SELF = YES;
				CLANG_WARN_OBJC_LITERAL_CONVERSION = YES;
				CLANG_WARN_OBJC_ROOT_CLASS = YES_ERROR;
				CLANG_WARN_QUOTED_INCLUDE_IN_FRAMEWORK_HEADER = YES;
				CLANG_WARN_RANGE_LOOP_ANALYSIS = YES;
				CLANG_WARN_STRICT_PROTOTYPES = YES;
				CLANG_WARN_SUSPICIOUS_MOVE = YES;
				CLANG_WARN_UNGUARDED_AVAILABILITY = YES_AGGRESSIVE;
				CLANG_WARN_UNREACHABLE_CODE = YES;
				CLANG_WARN__DUPLICATE_METHOD_MATCH = YES;
				COPY_PHASE_STRIP = NO;
				DEBUG_INFORMATION_FORMAT = "dwarf-with-dsym";
				ENABLE_NS_ASSERTIONS = NO;
				ENABLE_STRICT_OBJC_MSGSEND = YES;
				GCC_C_LANGUAGE_STANDARD = gnu11;
				GCC_NO_COMMON_BLOCKS = YES;
				GCC_WARN_64_TO_32_BIT_CONVERSION = YES;
				GCC_WARN_ABOUT_RETURN_TYPE = YES_ERROR;
				GCC_WARN_UNDECLARED_SELECTOR = YES;
				GCC_WARN_UNINITIALIZED_AUTOS = YES_AGGRESSIVE;
				GCC_WARN_UNUSED_FUNCTION = YES;
				GCC_WARN_UNUSED_VARIABLE = YES;
				IPHONEOS_DEPLOYMENT_TARGET = 15.0;
				MTL_ENABLE_DEBUG_INFO = NO;
				MTL_FAST_MATH = YES;
				SDKROOT = iphoneos;
				SWIFT_COMPILATION_MODE = wholemodule;
				SWIFT_OPTIMIZATION_LEVEL = "-O";
				VALIDATE_PRODUCT = YES;
			};
			name = Release;
		};
		B69180772747E81D00E2ED92 /* Debug */ = {
			isa = XCBuildConfiguration;
			baseConfigurationReference = 4555A9BC2D5DF9BF37758FB9 /* Pods-unowned.debug.xcconfig */;
			buildSettings = {
				ASSETCATALOG_COMPILER_APPICON_NAME = AppIcon;
				ASSETCATALOG_COMPILER_GLOBAL_ACCENT_COLOR_NAME = AccentColor;
				CODE_SIGN_STYLE = Automatic;
				CURRENT_PROJECT_VERSION = 1;
				DEVELOPMENT_TEAM = JKYU7W8LBP;
				GENERATE_INFOPLIST_FILE = YES;
				INFOPLIST_FILE = unowned/Info.plist;
				INFOPLIST_KEY_CFBundleDisplayName = "Хочу помочь";
				INFOPLIST_KEY_UIApplicationSupportsIndirectInputEvents = YES;
				INFOPLIST_KEY_UILaunchStoryboardName = LaunchScreen;
				INFOPLIST_KEY_UIMainStoryboardFile = Main;
				INFOPLIST_KEY_UISupportedInterfaceOrientations_iPad = "UIInterfaceOrientationPortrait UIInterfaceOrientationPortraitUpsideDown UIInterfaceOrientationLandscapeLeft UIInterfaceOrientationLandscapeRight";
				INFOPLIST_KEY_UISupportedInterfaceOrientations_iPhone = "UIInterfaceOrientationPortrait UIInterfaceOrientationLandscapeLeft UIInterfaceOrientationLandscapeRight";
				LD_RUNPATH_SEARCH_PATHS = (
					"$(inherited)",
					"@executable_path/Frameworks",
				);
				MARKETING_VERSION = 1.0;
				PRODUCT_BUNDLE_IDENTIFIER = mishacausur.unowned;
				PRODUCT_NAME = "$(TARGET_NAME)";
				SWIFT_EMIT_LOC_STRINGS = YES;
				SWIFT_VERSION = 5.0;
				TARGETED_DEVICE_FAMILY = "1,2";
			};
			name = Debug;
		};
		B69180782747E81D00E2ED92 /* Release */ = {
			isa = XCBuildConfiguration;
			baseConfigurationReference = 17FC2BC0276306D6D8C37AD1 /* Pods-unowned.release.xcconfig */;
			buildSettings = {
				ASSETCATALOG_COMPILER_APPICON_NAME = AppIcon;
				ASSETCATALOG_COMPILER_GLOBAL_ACCENT_COLOR_NAME = AccentColor;
				CODE_SIGN_STYLE = Automatic;
				CURRENT_PROJECT_VERSION = 1;
				DEVELOPMENT_TEAM = JKYU7W8LBP;
				GENERATE_INFOPLIST_FILE = YES;
				INFOPLIST_FILE = unowned/Info.plist;
				INFOPLIST_KEY_CFBundleDisplayName = "Хочу помочь";
				INFOPLIST_KEY_UIApplicationSupportsIndirectInputEvents = YES;
				INFOPLIST_KEY_UILaunchStoryboardName = LaunchScreen;
				INFOPLIST_KEY_UIMainStoryboardFile = Main;
				INFOPLIST_KEY_UISupportedInterfaceOrientations_iPad = "UIInterfaceOrientationPortrait UIInterfaceOrientationPortraitUpsideDown UIInterfaceOrientationLandscapeLeft UIInterfaceOrientationLandscapeRight";
				INFOPLIST_KEY_UISupportedInterfaceOrientations_iPhone = "UIInterfaceOrientationPortrait UIInterfaceOrientationLandscapeLeft UIInterfaceOrientationLandscapeRight";
				LD_RUNPATH_SEARCH_PATHS = (
					"$(inherited)",
					"@executable_path/Frameworks",
				);
				MARKETING_VERSION = 1.0;
				PRODUCT_BUNDLE_IDENTIFIER = mishacausur.unowned;
				PRODUCT_NAME = "$(TARGET_NAME)";
				SWIFT_EMIT_LOC_STRINGS = YES;
				SWIFT_VERSION = 5.0;
				TARGETED_DEVICE_FAMILY = "1,2";
			};
			name = Release;
		};
/* End XCBuildConfiguration section */

/* Begin XCConfigurationList section */
		B691805D2747E81C00E2ED92 /* Build configuration list for PBXProject "unowned" */ = {
			isa = XCConfigurationList;
			buildConfigurations = (
				B69180742747E81D00E2ED92 /* Debug */,
				B69180752747E81D00E2ED92 /* Release */,
			);
			defaultConfigurationIsVisible = 0;
			defaultConfigurationName = Release;
		};
		B69180762747E81D00E2ED92 /* Build configuration list for PBXNativeTarget "unowned" */ = {
			isa = XCConfigurationList;
			buildConfigurations = (
				B69180772747E81D00E2ED92 /* Debug */,
				B69180782747E81D00E2ED92 /* Release */,
			);
			defaultConfigurationIsVisible = 0;
			defaultConfigurationName = Release;
		};
/* End XCConfigurationList section */

/* Begin XCRemoteSwiftPackageReference section */
		B699FCB527A6A51400D20B7C /* XCRemoteSwiftPackageReference "firebase-ios-sdk" */ = {
			isa = XCRemoteSwiftPackageReference;
			repositoryURL = "https://github.com/firebase/firebase-ios-sdk";
			requirement = {
				kind = upToNextMajorVersion;
				minimumVersion = 8.0.0;
			};
		};
/* End XCRemoteSwiftPackageReference section */

/* Begin XCSwiftPackageProductDependency section */
		B699FCB627A6A51400D20B7C /* FirebaseDatabase */ = {
			isa = XCSwiftPackageProductDependency;
			package = B699FCB527A6A51400D20B7C /* XCRemoteSwiftPackageReference "firebase-ios-sdk" */;
			productName = FirebaseDatabase;
		};
		B699FCB827A6A51400D20B7C /* FirebaseFirestore */ = {
			isa = XCSwiftPackageProductDependency;
			package = B699FCB527A6A51400D20B7C /* XCRemoteSwiftPackageReference "firebase-ios-sdk" */;
			productName = FirebaseFirestore;
		};
		B699FCBA27A6A51400D20B7C /* FirebaseStorage */ = {
			isa = XCSwiftPackageProductDependency;
			package = B699FCB527A6A51400D20B7C /* XCRemoteSwiftPackageReference "firebase-ios-sdk" */;
			productName = FirebaseStorage;
		};
/* End XCSwiftPackageProductDependency section */

/* Begin XCVersionGroup section */
		B6B8515527943E06007E9451 /* EventDataModel.xcdatamodeld */ = {
			isa = XCVersionGroup;
			children = (
				B6B8515627943E06007E9451 /* EventDataModel.xcdatamodel */,
			);
			currentVersion = B6B8515627943E06007E9451 /* EventDataModel.xcdatamodel */;
			path = EventDataModel.xcdatamodeld;
			sourceTree = "<group>";
			versionGroupType = wrapper.xcdatamodel;
		};
/* End XCVersionGroup section */
	};
	rootObject = B691805A2747E81C00E2ED92 /* Project object */;
}
